
Microsoft Visual Studio Solution File, Format Version 12.00
# Visual Studio 2013
VisualStudioVersion = 12.0.30501.0
MinimumVisualStudioVersion = 10.0.40219.1
Project("{FAE04EC0-301F-11D3-BF4B-00C04F79EFBC}") = "PasswordEdit", "PasswordEdit\PasswordEdit.csproj", "{43BAE204-BE5D-46F4-864C-BD27C791DF5E}"
EndProject
Project("{FAE04EC0-301F-11D3-BF4B-00C04F79EFBC}") = "DomainClasses", "DomainClasses\DomainClasses.csproj", "{E12C1325-49AB-4A86-A6CC-CC5840E506AB}"
EndProject
Project("{FAE04EC0-301F-11D3-BF4B-00C04F79EFBC}") = "DataLayer", "DataLayer\DataLayer.csproj", "{17E562EF-AD3D-4526-A7C9-6BBA7E9F001A}"
EndProject
Global
	GlobalSection(SolutionConfigurationPlatforms) = preSolution
		Debug|Any CPU = Debug|Any CPU
		Release|Any CPU = Release|Any CPU
	EndGlobalSection
	GlobalSection(ProjectConfigurationPlatforms) = postSolution
		{43BAE204-BE5D-46F4-864C-BD27C791DF5E}.Debug|Any CPU.ActiveCfg = Debug|Any CPU
		{43BAE204-BE5D-46F4-864C-BD27C791DF5E}.Debug|Any CPU.Build.0 = Debug|Any CPU
		{43BAE204-BE5D-46F4-864C-BD27C791DF5E}.Release|Any CPU.ActiveCfg = Release|Any CPU
		{43BAE204-BE5D-46F4-864C-BD27C791DF5E}.Release|Any CPU.Build.0 = Release|Any CPU
		{E12C1325-49AB-4A86-A6CC-CC5840E506AB}.Debug|Any CPU.ActiveCfg = Debug|Any CPU
		{E12C1325-49AB-4A86-A6CC-CC5840E506AB}.Debug|Any CPU.Build.0 = Debug|Any CPU
		{E12C1325-49AB-4A86-A6CC-CC5840E506AB}.Release|Any CPU.ActiveCfg = Release|Any CPU
		{E12C1325-49AB-4A86-A6CC-CC5840E506AB}.Release|Any CPU.Build.0 = Release|Any CPU
		{17E562EF-AD3D-4526-A7C9-6BBA7E9F001A}.Debug|Any CPU.ActiveCfg = Debug|Any CPU
		{17E562EF-AD3D-4526-A7C9-6BBA7E9F001A}.Debug|Any CPU.Build.0 = Debug|Any CPU
		{17E562EF-AD3D-4526-A7C9-6BBA7E9F001A}.Release|Any CPU.ActiveCfg = Release|Any CPU
		{17E562EF-AD3D-4526-A7C9-6BBA7E9F001A}.Release|Any CPU.Build.0 = Release|Any CPU
	EndGlobalSection
	GlobalSection(SolutionProperties) = preSolution
		HideSolutionNode = FALSE
	EndGlobalSection
EndGlobal
